
Microsoft Visual Studio Solution File, Format Version 12.00
# Visual Studio 15
VisualStudioVersion = 15.0.28307.645
MinimumVisualStudioVersion = 10.0.40219.1
Project("{FAE04EC0-301F-11D3-BF4B-00C04F79EFBC}") = "Buy.Kafka.Infrastructure", "Buy.Kafka.Infrastructure\Buy.Kafka.Infrastructure.csproj", "{2338D6F3-365B-4886-AE89-C810C1CC62A0}"
EndProject
Project("{FAE04EC0-301F-11D3-BF4B-00C04F79EFBC}") = "Buy.Kafka.Consumers", "..\Buy.Kafka.Consumers\Buy.Kafka.Consumers.csproj", "{8F075340-59A8-47C4-BECE-C92023E653B2}"
EndProject
Project("{FAE04EC0-301F-11D3-BF4B-00C04F79EFBC}") = "Buy.Kafka.Debug", "Buy.Kafka.Debug\Buy.Kafka.Debug.csproj", "{4FF17AEC-06E6-4F35-936E-EFE84387EBEB}"
EndProject
Global
	GlobalSection(SolutionConfigurationPlatforms) = preSolution
		Debug|Any CPU = Debug|Any CPU
		Release|Any CPU = Release|Any CPU
	EndGlobalSection
	GlobalSection(ProjectConfigurationPlatforms) = postSolution
		{2338D6F3-365B-4886-AE89-C810C1CC62A0}.Debug|Any CPU.ActiveCfg = Debug|Any CPU
		{2338D6F3-365B-4886-AE89-C810C1CC62A0}.Debug|Any CPU.Build.0 = Debug|Any CPU
		{2338D6F3-365B-4886-AE89-C810C1CC62A0}.Release|Any CPU.ActiveCfg = Release|Any CPU
		{2338D6F3-365B-4886-AE89-C810C1CC62A0}.Release|Any CPU.Build.0 = Release|Any CPU
		{8F075340-59A8-47C4-BECE-C92023E653B2}.Debug|Any CPU.ActiveCfg = Debug|Any CPU
		{8F075340-59A8-47C4-BECE-C92023E653B2}.Debug|Any CPU.Build.0 = Debug|Any CPU
		{8F075340-59A8-47C4-BECE-C92023E653B2}.Release|Any CPU.ActiveCfg = Release|Any CPU
		{8F075340-59A8-47C4-BECE-C92023E653B2}.Release|Any CPU.Build.0 = Release|Any CPU
		{4FF17AEC-06E6-4F35-936E-EFE84387EBEB}.Debug|Any CPU.ActiveCfg = Debug|Any CPU
		{4FF17AEC-06E6-4F35-936E-EFE84387EBEB}.Debug|Any CPU.Build.0 = Debug|Any CPU
		{4FF17AEC-06E6-4F35-936E-EFE84387EBEB}.Release|Any CPU.ActiveCfg = Release|Any CPU
		{4FF17AEC-06E6-4F35-936E-EFE84387EBEB}.Release|Any CPU.Build.0 = Release|Any CPU
	EndGlobalSection
	GlobalSection(SolutionProperties) = preSolution
		HideSolutionNode = FALSE
	EndGlobalSection
	GlobalSection(ExtensibilityGlobals) = postSolution
		SolutionGuid = {C3F9F916-B731-4440-9BC2-35F583FEDE1D}
	EndGlobalSection
EndGlobal
