
Microsoft Visual Studio Solution File, Format Version 12.00
# Visual Studio 15
VisualStudioVersion = 15.0.28307.489
MinimumVisualStudioVersion = 10.0.40219.1
Project("{9A19103F-16F7-4668-BE54-9A1E7A4F7556}") = "Buy.Content.Web", "Buy.Content.Web\Buy.Content.Web.csproj", "{438E1737-2F4C-46C2-AF21-8A4D01BA87B1}"
EndProject
Project("{9A19103F-16F7-4668-BE54-9A1E7A4F7556}") = "Buy.Content.DataAccess", "Buy.Content.DataAccess\Buy.Content.DataAccess.csproj", "{1804F5CF-F63A-47F3-8539-596CF69E6818}"
EndProject
Project("{9A19103F-16F7-4668-BE54-9A1E7A4F7556}") = "Buy.Content.Contract", "Buy.Content.Contract\Buy.Content.Contract.csproj", "{81A2BBB2-0A8E-4D27-8A8F-A8044E7C1154}"
EndProject
Project("{9A19103F-16F7-4668-BE54-9A1E7A4F7556}") = "Buy.Content.Business", "Buy.Content.Business\Buy.Content.Business.csproj", "{91CE9126-F702-48E1-967E-0EEB70D796CD}"
EndProject
Project("{9A19103F-16F7-4668-BE54-9A1E7A4F7556}") = "Buy.Content.Search.Core", "Buy.Content.Search.Core\Buy.Content.Search.Core.csproj", "{14BAAF50-742B-4275-8BC5-914C1AE2EBB7}"
EndProject
Project("{2150E333-8FDC-42A3-9474-1A3956D46DE8}") = "Solution Items", "Solution Items", "{45D6A65F-9956-4FAF-8508-85BE169234CB}"
	ProjectSection(SolutionItems) = preProject
		Dockerfile = Dockerfile
		nuget.config = nuget.config
	EndProjectSection
EndProject
Global
	GlobalSection(SolutionConfigurationPlatforms) = preSolution
		Debug|Any CPU = Debug|Any CPU
		Release|Any CPU = Release|Any CPU
	EndGlobalSection
	GlobalSection(ProjectConfigurationPlatforms) = postSolution
		{438E1737-2F4C-46C2-AF21-8A4D01BA87B1}.Debug|Any CPU.ActiveCfg = Debug|Any CPU
		{438E1737-2F4C-46C2-AF21-8A4D01BA87B1}.Debug|Any CPU.Build.0 = Debug|Any CPU
		{438E1737-2F4C-46C2-AF21-8A4D01BA87B1}.Release|Any CPU.ActiveCfg = Release|Any CPU
		{438E1737-2F4C-46C2-AF21-8A4D01BA87B1}.Release|Any CPU.Build.0 = Release|Any CPU
		{1804F5CF-F63A-47F3-8539-596CF69E6818}.Debug|Any CPU.ActiveCfg = Debug|Any CPU
		{1804F5CF-F63A-47F3-8539-596CF69E6818}.Debug|Any CPU.Build.0 = Debug|Any CPU
		{1804F5CF-F63A-47F3-8539-596CF69E6818}.Release|Any CPU.ActiveCfg = Release|Any CPU
		{1804F5CF-F63A-47F3-8539-596CF69E6818}.Release|Any CPU.Build.0 = Release|Any CPU
		{81A2BBB2-0A8E-4D27-8A8F-A8044E7C1154}.Debug|Any CPU.ActiveCfg = Debug|Any CPU
		{81A2BBB2-0A8E-4D27-8A8F-A8044E7C1154}.Debug|Any CPU.Build.0 = Debug|Any CPU
		{81A2BBB2-0A8E-4D27-8A8F-A8044E7C1154}.Release|Any CPU.ActiveCfg = Release|Any CPU
		{81A2BBB2-0A8E-4D27-8A8F-A8044E7C1154}.Release|Any CPU.Build.0 = Release|Any CPU
		{91CE9126-F702-48E1-967E-0EEB70D796CD}.Debug|Any CPU.ActiveCfg = Debug|Any CPU
		{91CE9126-F702-48E1-967E-0EEB70D796CD}.Debug|Any CPU.Build.0 = Debug|Any CPU
		{91CE9126-F702-48E1-967E-0EEB70D796CD}.Release|Any CPU.ActiveCfg = Release|Any CPU
		{91CE9126-F702-48E1-967E-0EEB70D796CD}.Release|Any CPU.Build.0 = Release|Any CPU
		{14BAAF50-742B-4275-8BC5-914C1AE2EBB7}.Debug|Any CPU.ActiveCfg = Debug|Any CPU
		{14BAAF50-742B-4275-8BC5-914C1AE2EBB7}.Debug|Any CPU.Build.0 = Debug|Any CPU
		{14BAAF50-742B-4275-8BC5-914C1AE2EBB7}.Release|Any CPU.ActiveCfg = Release|Any CPU
		{14BAAF50-742B-4275-8BC5-914C1AE2EBB7}.Release|Any CPU.Build.0 = Release|Any CPU
	EndGlobalSection
	GlobalSection(SolutionProperties) = preSolution
		HideSolutionNode = FALSE
	EndGlobalSection
	GlobalSection(ExtensibilityGlobals) = postSolution
		SolutionGuid = {0BAA607F-1017-4DC7-9CBA-B312D7C3DB61}
	EndGlobalSection
EndGlobal
